
Microsoft Visual Studio Solution File, Format Version 12.00
# Visual Studio Version 17
VisualStudioVersion = 17.5.33424.131
MinimumVisualStudioVersion = 10.0.40219.1
Project("{FAE04EC0-301F-11D3-BF4B-00C04F79EFBC}") = "Management.Dashboard.Api", "Management.Dashboard.Api\Management.Dashboard.Api.csproj", "{D85762F5-4006-4C94-863B-08F32DC8A33B}"
EndProject
Project("{FAE04EC0-301F-11D3-BF4B-00C04F79EFBC}") = "Management.Dashboard.Models", "Management.Dashboard.Models\Management.Dashboard.Models.csproj", "{60C38888-7528-4FAF-B1D9-E8E39E7401BB}"
EndProject
Project("{FAE04EC0-301F-11D3-BF4B-00C04F79EFBC}") = "Management.Dashboard.Services", "Management.Dashboard.Services\Management.Dashboard.Services.csproj", "{FB7D8985-E76E-4B26-9372-FCFD29E5C826}"
EndProject
Project("{FAE04EC0-301F-11D3-BF4B-00C04F79EFBC}") = "Management.Dashboard.Repositories", "Management.Dashboard.Repositories\Management.Dashboard.Repositories.csproj", "{6E5B28C5-49ED-4651-AE99-288F103E07F5}"
EndProject
Global
	GlobalSection(SolutionConfigurationPlatforms) = preSolution
		Debug|Any CPU = Debug|Any CPU
		Release|Any CPU = Release|Any CPU
	EndGlobalSection
	GlobalSection(ProjectConfigurationPlatforms) = postSolution
		{D85762F5-4006-4C94-863B-08F32DC8A33B}.Debug|Any CPU.ActiveCfg = Debug|Any CPU
		{D85762F5-4006-4C94-863B-08F32DC8A33B}.Debug|Any CPU.Build.0 = Debug|Any CPU
		{D85762F5-4006-4C94-863B-08F32DC8A33B}.Release|Any CPU.ActiveCfg = Release|Any CPU
		{D85762F5-4006-4C94-863B-08F32DC8A33B}.Release|Any CPU.Build.0 = Release|Any CPU
		{60C38888-7528-4FAF-B1D9-E8E39E7401BB}.Debug|Any CPU.ActiveCfg = Debug|Any CPU
		{60C38888-7528-4FAF-B1D9-E8E39E7401BB}.Debug|Any CPU.Build.0 = Debug|Any CPU
		{60C38888-7528-4FAF-B1D9-E8E39E7401BB}.Release|Any CPU.ActiveCfg = Release|Any CPU
		{60C38888-7528-4FAF-B1D9-E8E39E7401BB}.Release|Any CPU.Build.0 = Release|Any CPU
		{FB7D8985-E76E-4B26-9372-FCFD29E5C826}.Debug|Any CPU.ActiveCfg = Debug|Any CPU
		{FB7D8985-E76E-4B26-9372-FCFD29E5C826}.Debug|Any CPU.Build.0 = Debug|Any CPU
		{FB7D8985-E76E-4B26-9372-FCFD29E5C826}.Release|Any CPU.ActiveCfg = Release|Any CPU
		{FB7D8985-E76E-4B26-9372-FCFD29E5C826}.Release|Any CPU.Build.0 = Release|Any CPU
		{6E5B28C5-49ED-4651-AE99-288F103E07F5}.Debug|Any CPU.ActiveCfg = Debug|Any CPU
		{6E5B28C5-49ED-4651-AE99-288F103E07F5}.Debug|Any CPU.Build.0 = Debug|Any CPU
		{6E5B28C5-49ED-4651-AE99-288F103E07F5}.Release|Any CPU.ActiveCfg = Release|Any CPU
		{6E5B28C5-49ED-4651-AE99-288F103E07F5}.Release|Any CPU.Build.0 = Release|Any CPU
	EndGlobalSection
	GlobalSection(SolutionProperties) = preSolution
		HideSolutionNode = FALSE
	EndGlobalSection
	GlobalSection(ExtensibilityGlobals) = postSolution
		SolutionGuid = {B241D3AE-C389-4D73-BFC1-355094FB6223}
	EndGlobalSection
EndGlobal
